Microsoft Visual Studio Solution File, Format Version 11.00
# Visual Studio 2008

Project("{918015BC-1673-2178-E55A-99E2AC469253}") = "UnityGroundControl", "Assembly-CSharp-vs.csproj", "{2DBF06A0-56AC-4E96-6207-6B675E3F3554}"
EndProject
Project("{918015BC-1673-2178-E55A-99E2AC469253}") = "UnityGroundControl", "Assembly-CSharp-Editor-vs.csproj", "{1B03D527-A161-1B9B-EE50-4EC87F4F2ECE}"
EndProject
Global
	GlobalSection(SolutionConfigurationPlatforms) = preSolution
		Debug|Any CPU = Debug|Any CPU
		Release|Any CPU = Release|Any CPU
	EndGlobalSection
	GlobalSection(ProjectConfigurationPlatforms) = postSolution
		{2DBF06A0-56AC-4E96-6207-6B675E3F3554}.Debug|Any CPU.ActiveCfg = Debug|Any CPU
		{2DBF06A0-56AC-4E96-6207-6B675E3F3554}.Debug|Any CPU.Build.0 = Debug|Any CPU
		{2DBF06A0-56AC-4E96-6207-6B675E3F3554}.Release|Any CPU.ActiveCfg = Release|Any CPU
		{2DBF06A0-56AC-4E96-6207-6B675E3F3554}.Release|Any CPU.Build.0 = Release|Any CPU
		{1B03D527-A161-1B9B-EE50-4EC87F4F2ECE}.Debug|Any CPU.ActiveCfg = Debug|Any CPU
		{1B03D527-A161-1B9B-EE50-4EC87F4F2ECE}.Debug|Any CPU.Build.0 = Debug|Any CPU
		{1B03D527-A161-1B9B-EE50-4EC87F4F2ECE}.Release|Any CPU.ActiveCfg = Release|Any CPU
		{1B03D527-A161-1B9B-EE50-4EC87F4F2ECE}.Release|Any CPU.Build.0 = Release|Any CPU
	EndGlobalSection
	GlobalSection(SolutionProperties) = preSolution
		HideSolutionNode = FALSE
	EndGlobalSection
						GlobalSection(MonoDevelopProperties) = preSolution
		StartupItem = Assembly-CSharp.csproj
		Policies = $0
		$0.TextStylePolicy = $1
		$1.inheritsSet = null
		$1.scope = text/x-csharp
		$0.CSharpFormattingPolicy = $2
		$2.inheritsSet = Mono
		$2.inheritsScope = text/x-csharp
		$2.scope = text/x-csharp
		$0.TextStylePolicy = $3
		$3.FileWidth = 120
		$3.TabWidth = 4
		$3.IndentWidth = 4
		$3.EolMarker = Unix
		$3.inheritsSet = Mono
		$3.inheritsScope = text/plain
		$3.scope = text/plain
	EndGlobalSection

EndGlobal
